
Microsoft Visual Studio Solution File, Format Version 12.00
# Visual Studio Version 16
VisualStudioVersion = 16.0.29911.84
MinimumVisualStudioVersion = 10.0.40219.1
Project("{FAE04EC0-301F-11D3-BF4B-00C04F79EFBC}") = "String Manipulator - Group 2", "String Manipulator - Group 2\String Manipulator - Group 2.csproj", "{96DE9393-0461-46B5-BFF8-CF7F9AC45A1C}"
EndProject
Project("{FAE04EC0-301F-11D3-BF4B-00C04F79EFBC}") = "Message Encrypter", "Message Encrypter\Message Encrypter.csproj", "{3CD67E66-35A1-41E7-8D0D-32A72BE22739}"
EndProject
Project("{FAE04EC0-301F-11D3-BF4B-00C04F79EFBC}") = "Battle Manager", "Battle Manager\Battle Manager.csproj", "{6185EFEC-F064-4ED1-A392-36372800F0FB}"
EndProject
Global
	GlobalSection(SolutionConfigurationPlatforms) = preSolution
		Debug|Any CPU = Debug|Any CPU
		Release|Any CPU = Release|Any CPU
	EndGlobalSection
	GlobalSection(ProjectConfigurationPlatforms) = postSolution
		{96DE9393-0461-46B5-BFF8-CF7F9AC45A1C}.Debug|Any CPU.ActiveCfg = Debug|Any CPU
		{96DE9393-0461-46B5-BFF8-CF7F9AC45A1C}.Debug|Any CPU.Build.0 = Debug|Any CPU
		{96DE9393-0461-46B5-BFF8-CF7F9AC45A1C}.Release|Any CPU.ActiveCfg = Release|Any CPU
		{96DE9393-0461-46B5-BFF8-CF7F9AC45A1C}.Release|Any CPU.Build.0 = Release|Any CPU
		{3CD67E66-35A1-41E7-8D0D-32A72BE22739}.Debug|Any CPU.ActiveCfg = Debug|Any CPU
		{3CD67E66-35A1-41E7-8D0D-32A72BE22739}.Debug|Any CPU.Build.0 = Debug|Any CPU
		{3CD67E66-35A1-41E7-8D0D-32A72BE22739}.Release|Any CPU.ActiveCfg = Release|Any CPU
		{3CD67E66-35A1-41E7-8D0D-32A72BE22739}.Release|Any CPU.Build.0 = Release|Any CPU
		{6185EFEC-F064-4ED1-A392-36372800F0FB}.Debug|Any CPU.ActiveCfg = Debug|Any CPU
		{6185EFEC-F064-4ED1-A392-36372800F0FB}.Debug|Any CPU.Build.0 = Debug|Any CPU
		{6185EFEC-F064-4ED1-A392-36372800F0FB}.Release|Any CPU.ActiveCfg = Release|Any CPU
		{6185EFEC-F064-4ED1-A392-36372800F0FB}.Release|Any CPU.Build.0 = Release|Any CPU
	EndGlobalSection
	GlobalSection(SolutionProperties) = preSolution
		HideSolutionNode = FALSE
	EndGlobalSection
	GlobalSection(ExtensibilityGlobals) = postSolution
		SolutionGuid = {01FDD03E-B060-4A19-840F-BFB77933148C}
	EndGlobalSection
EndGlobal
